// !$*UTF8*$!
{
	archiveVersion = 1;
	classes = {
	};
	objectVersion = 50;
	objects = {

/* Begin PBXBuildFile section */
		635130BF25CF600F00117A98 /* Nav_Example_TestApp.swift in Sources */ = {isa = PBXBuildFile; fileRef = 635130BE25CF600F00117A98 /* Nav_Example_TestApp.swift */; };
		635130C125CF600F00117A98 /* ContentView.swift in Sources */ = {isa = PBXBuildFile; fileRef = 635130C025CF600F00117A98 /* ContentView.swift */; };
		635130C325CF601200117A98 /* Assets.xcassets in Resources */ = {isa = PBXBuildFile; fileRef = 635130C225CF601200117A98 /* Assets.xcassets */; };
		635130C625CF601200117A98 /* Preview Assets.xcassets in Resources */ = {isa = PBXBuildFile; fileRef = 635130C525CF601200117A98 /* Preview Assets.xcassets */; };
		635130D125CF601200117A98 /* Nav_Example_TestTests.swift in Sources */ = {isa = PBXBuildFile; fileRef = 635130D025CF601200117A98 /* Nav_Example_TestTests.swift */; };
		635130DC25CF601200117A98 /* Nav_Example_TestUITests.swift in Sources */ = {isa = PBXBuildFile; fileRef = 635130DB25CF601200117A98 /* Nav_Example_TestUITests.swift */; };
/* End PBXBuildFile section */

/* Begin PBXContainerItemProxy section */
		635130CD25CF601200117A98 /* PBXContainerItemProxy */ = {
			isa = PBXContainerItemProxy;
			containerPortal = 635130B325CF600F00117A98 /* Project object */;
			proxyType = 1;
			remoteGlobalIDString = 635130BA25CF600F00117A98;
			remoteInfo = Nav_Example_Test;
		};
		635130D825CF601200117A98 /* PBXContainerItemProxy */ = {
			isa = PBXContainerItemProxy;
			containerPortal = 635130B325CF600F00117A98 /* Project object */;
			proxyType = 1;
			remoteGlobalIDString = 635130BA25CF600F00117A98;
			remoteInfo = Nav_Example_Test;
		};
/* End PBXContainerItemProxy section */

/* Begin PBXFileReference section */
		635130BB25CF600F00117A98 /* Nav_Example_Test.app */ = {isa = PBXFileReference; explicitFileType = wrapper.application; includeInIndex = 0; path = Nav_Example_Test.app; sourceTree = BUILT_PRODUCTS_DIR; };
		635130BE25CF600F00117A98 /* Nav_Example_TestApp.swift */ = {isa = PBXFileReference; lastKnownFileType = sourcecode.swift; path = Nav_Example_TestApp.swift; sourceTree = "<group>"; };
		635130C025CF600F00117A98 /* ContentView.swift */ = {isa = PBXFileReference; lastKnownFileType = sourcecode.swift; path = ContentView.swift; sourceTree = "<group>"; };
		635130C225CF601200117A98 /* Assets.xcassets */ = {isa = PBXFileReference; lastKnownFileType = folder.assetcatalog; path = Assets.xcassets; sourceTree = "<group>"; };
		635130C525CF601200117A98 /* Preview Assets.xcassets */ = {isa = PBXFileReference; lastKnownFileType = folder.assetcatalog; path = "Preview Assets.xcassets"; sourceTree = "<group>"; };
		635130C725CF601200117A98 /* Info.plist */ = {isa = PBXFileReference; lastKnownFileType = text.plist.xml; path = Info.plist; sourceTree = "<group>"; };
		635130CC25CF601200117A98 /* Nav_Example_TestTests.xctest */ = {isa = PBXFileReference; explicitFileType = wrapper.cfbundle; includeInIndex = 0; path = Nav_Example_TestTests.xctest; sourceTree = BUILT_PRODUCTS_DIR; };
		635130D025CF601200117A98 /* Nav_Example_TestTests.swift */ = {isa = PBXFileReference; lastKnownFileType = sourcecode.swift; path = Nav_Example_TestTests.swift; sourceTree = "<group>"; };
		635130D225CF601200117A98 /* Info.plist */ = {isa = PBXFileReference; lastKnownFileType = text.plist.xml; path = Info.plist; sourceTree = "<group>"; };
		635130D725CF601200117A98 /* Nav_Example_TestUITests.xctest */ = {isa = PBXFileReference; explicitFileType = wrapper.cfbundle; includeInIndex = 0; path = Nav_Example_TestUITests.xctest; sourceTree = BUILT_PRODUCTS_DIR; };
		635130DB25CF601200117A98 /* Nav_Example_TestUITests.swift */ = {isa = PBXFileReference; lastKnownFileType = sourcecode.swift; path = Nav_Example_TestUITests.swift; sourceTree = "<group>"; };
		635130DD25CF601200117A98 /* Info.plist */ = {isa = PBXFileReference; lastKnownFileType = text.plist.xml; path = Info.plist; sourceTree = "<group>"; };
/* End PBXFileReference section */

/* Begin PBXFrameworksBuildPhase section */
		635130B825CF600F00117A98 /* Frameworks */ = {
			isa = PBXFrameworksBuildPhase;
			buildActionMask = 2147483647;
			files = (
			);
			runOnlyForDeploymentPostprocessing = 0;
		};
		635130C925CF601200117A98 /* Frameworks */ = {
			isa = PBXFrameworksBuildPhase;
			buildActionMask = 2147483647;
			files = (
			);
			runOnlyForDeploymentPostprocessing = 0;
		};
		635130D425CF601200117A98 /* Frameworks */ = {
			isa = PBXFrameworksBuildPhase;
			buildActionMask = 2147483647;
			files = (
			);
			runOnlyForDeploymentPostprocessing = 0;
		};
/* End PBXFrameworksBuildPhase section */

/* Begin PBXGroup section */
		635130B225CF600F00117A98 = {
			isa = PBXGroup;
			children = (
				635130BD25CF600F00117A98 /* Nav_Example_Test */,
				635130CF25CF601200117A98 /* Nav_Example_TestTests */,
				635130DA25CF601200117A98 /* Nav_Example_TestUITests */,
				635130BC25CF600F00117A98 /* Products */,
			);
			sourceTree = "<group>";
		};
		635130BC25CF600F00117A98 /* Products */ = {
			isa = PBXGroup;
			children = (
				635130BB25CF600F00117A98 /* Nav_Example_Test.app */,
				635130CC25CF601200117A98 /* Nav_Example_TestTests.xctest */,
				635130D725CF601200117A98 /* Nav_Example_TestUITests.xctest */,
			);
			name = Products;
			sourceTree = "<group>";
		};
		635130BD25CF600F00117A98 /* Nav_Example_Test */ = {
			isa = PBXGroup;
			children = (
				635130BE25CF600F00117A98 /* Nav_Example_TestApp.swift */,
				635130C025CF600F00117A98 /* ContentView.swift */,
				635130C225CF601200117A98 /* Assets.xcassets */,
				635130C725CF601200117A98 /* Info.plist */,
				635130C425CF601200117A98 /* Preview Content */,
			);
			path = Nav_Example_Test;
			sourceTree = "<group>";
		};
		635130C425CF601200117A98 /* Preview Content */ = {
			isa = PBXGroup;
			children = (
				635130C525CF601200117A98 /* Preview Assets.xcassets */,
			);
			path = "Preview Content";
			sourceTree = "<group>";
		};
		635130CF25CF601200117A98 /* Nav_Example_TestTests */ = {
			isa = PBXGroup;
			children = (
				635130D025CF601200117A98 /* Nav_Example_TestTests.swift */,
				635130D225CF601200117A98 /* Info.plist */,
			);
			path = Nav_Example_TestTests;
			sourceTree = "<group>";
		};
		635130DA25CF601200117A98 /* Nav_Example_TestUITests */ = {
			isa = PBXGroup;
			children = (
				635130DB25CF601200117A98 /* Nav_Example_TestUITests.swift */,
				635130DD25CF601200117A98 /* Info.plist */,
			);
			path = Nav_Example_TestUITests;
			sourceTree = "<group>";
		};
/* End PBXGroup section */

/* Begin PBXNativeTarget section */
		635130BA25CF600F00117A98 /* Nav_Example_Test */ = {
			isa = PBXNativeTarget;
			buildConfigurationList = 635130E025CF601200117A98 /* Build configuration list for PBXNativeTarget "Nav_Example_Test" */;
			buildPhases = (
				635130B725CF600F00117A98 /* Sources */,
				635130B825CF600F00117A98 /* Frameworks */,
				635130B925CF600F00117A98 /* Resources */,
			);
			buildRules = (
			);
			dependencies = (
			);
			name = Nav_Example_Test;
			productName = Nav_Example_Test;
			productReference = 635130BB25CF600F00117A98 /* Nav_Example_Test.app */;
			productType = "com.apple.product-type.application";
		};
		635130CB25CF601200117A98 /* Nav_Example_TestTests */ = {
			isa = PBXNativeTarget;
			buildConfigurationList = 635130E325CF601200117A98 /* Build configuration list for PBXNativeTarget "Nav_Example_TestTests" */;
			buildPhases = (
				635130C825CF601200117A98 /* Sources */,
				635130C925CF601200117A98 /* Frameworks */,
				635130CA25CF601200117A98 /* Resources */,
			);
			buildRules = (
			);
			dependencies = (
				635130CE25CF601200117A98 /* PBXTargetDependency */,
			);
			name = Nav_Example_TestTests;
			productName = Nav_Example_TestTests;
			productReference = 635130CC25CF601200117A98 /* Nav_Example_TestTests.xctest */;
			productType = "com.apple.product-type.bundle.unit-test";
		};
		635130D625CF601200117A98 /* Nav_Example_TestUITests */ = {
			isa = PBXNativeTarget;
			buildConfigurationList = 635130E625CF601200117A98 /* Build configuration list for PBXNativeTarget "Nav_Example_TestUITests" */;
			buildPhases = (
				635130D325CF601200117A98 /* Sources */,
				635130D425CF601200117A98 /* Frameworks */,
				635130D525CF601200117A98 /* Resources */,
			);
			buildRules = (
			);
			dependencies = (
				635130D925CF601200117A98 /* PBXTargetDependency */,
			);
			name = Nav_Example_TestUITests;
			productName = Nav_Example_TestUITests;
			productReference = 635130D725CF601200117A98 /* Nav_Example_TestUITests.xctest */;
			productType = "com.apple.product-type.bundle.ui-testing";
		};
/* End PBXNativeTarget section */

/* Begin PBXProject section */
		635130B325CF600F00117A98 /* Project object */ = {
			isa = PBXProject;
			attributes = {
				LastSwiftUpdateCheck = 1250;
				LastUpgradeCheck = 1250;
				TargetAttributes = {
					635130BA25CF600F00117A98 = {
						CreatedOnToolsVersion = 12.5;
					};
					635130CB25CF601200117A98 = {
						CreatedOnToolsVersion = 12.5;
						TestTargetID = 635130BA25CF600F00117A98;
					};
					635130D625CF601200117A98 = {
						CreatedOnToolsVersion = 12.5;
						TestTargetID = 635130BA25CF600F00117A98;
					};
				};
			};
			buildConfigurationList = 635130B625CF600F00117A98 /* Build configuration list for PBXProject "Nav_Example_Test" */;
			compatibilityVersion = "Xcode 9.3";
			developmentRegion = en;
			hasScannedForEncodings = 0;
			knownRegions = (
				en,
				Base,
			);
			mainGroup = 635130B225CF600F00117A98;
			productRefGroup = 635130BC25CF600F00117A98 /* Products */;
			projectDirPath = "";
			projectRoot = "";
			targets = (
				635130BA25CF600F00117A98 /* Nav_Example_Test */,
				635130CB25CF601200117A98 /* Nav_Example_TestTests */,
				635130D625CF601200117A98 /* Nav_Example_TestUITests */,
			);
		};
/* End PBXProject section */

/* Begin PBXResourcesBuildPhase section */
		635130B925CF600F00117A98 /* Resources */ = {
			isa = PBXResourcesBuildPhase;
			buildActionMask = 2147483647;
			files = (
				635130C625CF601200117A98 /* Preview Assets.xcassets in Resources */,
				635130C325CF601200117A98 /* Assets.xcassets in Resources */,
			);
			runOnlyForDeploymentPostprocessing = 0;
		};
		635130CA25CF601200117A98 /* Resources */ = {
			isa = PBXResourcesBuildPhase;
			buildActionMask = 2147483647;
			files = (
			);
			runOnlyForDeploymentPostprocessing = 0;
		};
		635130D525CF601200117A98 /* Resources */ = {
			isa = PBXResourcesBuildPhase;
			buildActionMask = 2147483647;
			files = (
			);
			runOnlyForDeploymentPostprocessing = 0;
		};
/* End PBXResourcesBuildPhase section */

/* Begin PBXSourcesBuildPhase section */
		635130B725CF600F00117A98 /* Sources */ = {
			isa = PBXSourcesBuildPhase;
			buildActionMask = 2147483647;
			files = (
				635130C125CF600F00117A98 /* ContentView.swift in Sources */,
				635130BF25CF600F00117A98 /* Nav_Example_TestApp.swift in Sources */,
			);
			runOnlyForDeploymentPostprocessing = 0;
		};
		635130C825CF601200117A98 /* Sources */ = {
			isa = PBXSourcesBuildPhase;
			buildActionMask = 2147483647;
			files = (
				635130D125CF601200117A98 /* Nav_Example_TestTests.swift in Sources */,
			);
			runOnlyForDeploymentPostprocessing = 0;
		};
		635130D325CF601200117A98 /* Sources */ = {
			isa = PBXSourcesBuildPhase;
			buildActionMask = 2147483647;
			files = (
				635130DC25CF601200117A98 /* Nav_Example_TestUITests.swift in Sources */,
			);
			runOnlyForDeploymentPostprocessing = 0;
		};
/* End PBXSourcesBuildPhase section */

/* Begin PBXTargetDependency section */
		635130CE25CF601200117A98 /* PBXTargetDependency */ = {
			isa = PBXTargetDependency;
			target = 635130BA25CF600F00117A98 /* Nav_Example_Test */;
			targetProxy = 635130CD25CF601200117A98 /* PBXContainerItemProxy */;
		};
		635130D925CF601200117A98 /* PBXTargetDependency */ = {
			isa = PBXTargetDependency;
			target = 635130BA25CF600F00117A98 /* Nav_Example_Test */;
			targetProxy = 635130D825CF601200117A98 /* PBXContainerItemProxy */;
		};
/* End PBXTargetDependency section */

/* Begin XCBuildConfiguration section */
		635130DE25CF601200117A98 /* Debug */ = {
			isa = XCBuildConfiguration;
			buildSettings = {
				ALWAYS_SEARCH_USER_PATHS = NO;
				CLANG_ANALYZER_NONNULL = YES;
				CLANG_ANALYZER_NUMBER_OBJECT_CONVERSION = YES_AGGRESSIVE;
				CLANG_CXX_LANGUAGE_STANDARD = "gnu++14";
				CLANG_CXX_LIBRARY = "libc++";
				CLANG_ENABLE_MODULES = YES;
				CLANG_ENABLE_OBJC_ARC = YES;
				CLANG_ENABLE_OBJC_WEAK = YES;
				CLANG_WARN_BLOCK_CAPTURE_AUTORELEASING = YES;
				CLANG_WARN_BOOL_CONVERSION = YES;
				CLANG_WARN_COMMA = YES;
				CLANG_WARN_CONSTANT_CONVERSION = YES;
				CLANG_WARN_DEPRECATED_OBJC_IMPLEMENTATIONS = YES;
				CLANG_WARN_DIRECT_OBJC_ISA_USAGE = YES_ERROR;
				CLANG_WARN_DOCUMENTATION_COMMENTS = YES;
				CLANG_WARN_EMPTY_BODY = YES;
				CLANG_WARN_ENUM_CONVERSION = YES;
				CLANG_WARN_INFINITE_RECURSION = YES;
				CLANG_WARN_INT_CONVERSION = YES;
				CLANG_WARN_NON_LITERAL_NULL_CONVERSION = YES;
				CLANG_WARN_OBJC_IMPLICIT_RETAIN_SELF = YES;
				CLANG_WARN_OBJC_LITERAL_CONVERSION = YES;
				CLANG_WARN_OBJC_ROOT_CLASS = YES_ERROR;
				CLANG_WARN_QUOTED_INCLUDE_IN_FRAMEWORK_HEADER = YES;
				CLANG_WARN_RANGE_LOOP_ANALYSIS = YES;
				CLANG_WARN_STRICT_PROTOTYPES = YES;
				CLANG_WARN_SUSPICIOUS_MOVE = YES;
				CLANG_WARN_UNGUARDED_AVAILABILITY = YES_AGGRESSIVE;
				CLANG_WARN_UNREACHABLE_CODE = YES;
				CLANG_WARN__DUPLICATE_METHOD_MATCH = YES;
				COPY_PHASE_STRIP = NO;
				DEBUG_INFORMATION_FORMAT = dwarf;
				ENABLE_STRICT_OBJC_MSGSEND = YES;
				ENABLE_TESTABILITY = YES;
				GCC_C_LANGUAGE_STANDARD = gnu11;
				GCC_DYNAMIC_NO_PIC = NO;
				GCC_NO_COMMON_BLOCKS = YES;
				GCC_OPTIMIZATION_LEVEL = 0;
				GCC_PREPROCESSOR_DEFINITIONS = (
					"DEBUG=1",
					"$(inherited)",
				);
				GCC_WARN_64_TO_32_BIT_CONVERSION = YES;
				GCC_WARN_ABOUT_RETURN_TYPE = YES_ERROR;
				GCC_WARN_UNDECLARED_SELECTOR = YES;
				GCC_WARN_UNINITIALIZED_AUTOS = YES_AGGRESSIVE;
				GCC_WARN_UNUSED_FUNCTION = YES;
				GCC_WARN_UNUSED_VARIABLE = YES;
				IPHONEOS_DEPLOYMENT_TARGET = 14;
				MTL_ENABLE_DEBUG_INFO = INCLUDE_SOURCE;
				MTL_FAST_MATH = YES;
				ONLY_ACTIVE_ARCH = YES;
				SDKROOT = iphoneos;
				SWIFT_ACTIVE_COMPILATION_CONDITIONS = DEBUG;
				SWIFT_OPTIMIZATION_LEVEL = "-Onone";
			};
			name = Debug;
		};
		635130DF25CF601200117A98 /* Release */ = {
			isa = XCBuildConfiguration;
			buildSettings = {
				ALWAYS_SEARCH_USER_PATHS = NO;
				CLANG_ANALYZER_NONNULL = YES;
				CLANG_ANALYZER_NUMBER_OBJECT_CONVERSION = YES_AGGRESSIVE;
				CLANG_CXX_LANGUAGE_STANDARD = "gnu++14";
				CLANG_CXX_LIBRARY = "libc++";
				CLANG_ENABLE_MODULES = YES;
				CLANG_ENABLE_OBJC_ARC = YES;
				CLANG_ENABLE_OBJC_WEAK = YES;
				CLANG_WARN_BLOCK_CAPTURE_AUTORELEASING = YES;
				CLANG_WARN_BOOL_CONVERSION = YES;
				CLANG_WARN_COMMA = YES;
				CLANG_WARN_CONSTANT_CONVERSION = YES;
				CLANG_WARN_DEPRECATED_OBJC_IMPLEMENTATIONS = YES;
				CLANG_WARN_DIRECT_OBJC_ISA_USAGE = YES_ERROR;
				CLANG_WARN_DOCUMENTATION_COMMENTS = YES;
				CLANG_WARN_EMPTY_BODY = YES;
				CLANG_WARN_ENUM_CONVERSION = YES;
				CLANG_WARN_INFINITE_RECURSION = YES;
				CLANG_WARN_INT_CONVERSION = YES;
				CLANG_WARN_NON_LITERAL_NULL_CONVERSION = YES;
				CLANG_WARN_OBJC_IMPLICIT_RETAIN_SELF = YES;
				CLANG_WARN_OBJC_LITERAL_CONVERSION = YES;
				CLANG_WARN_OBJC_ROOT_CLASS = YES_ERROR;
				CLANG_WARN_QUOTED_INCLUDE_IN_FRAMEWORK_HEADER = YES;
				CLANG_WARN_RANGE_LOOP_ANALYSIS = YES;
				CLANG_WARN_STRICT_PROTOTYPES = YES;
				CLANG_WARN_SUSPICIOUS_MOVE = YES;
				CLANG_WARN_UNGUARDED_AVAILABILITY = YES_AGGRESSIVE;
				CLANG_WARN_UNREACHABLE_CODE = YES;
				CLANG_WARN__DUPLICATE_METHOD_MATCH = YES;
				COPY_PHASE_STRIP = NO;
				DEBUG_INFORMATION_FORMAT = "dwarf-with-dsym";
				ENABLE_NS_ASSERTIONS = NO;
				ENABLE_STRICT_OBJC_MSGSEND = YES;
				GCC_C_LANGUAGE_STANDARD = gnu11;
				GCC_NO_COMMON_BLOCKS = YES;
				GCC_WARN_64_TO_32_BIT_CONVERSION = YES;
				GCC_WARN_ABOUT_RETURN_TYPE = YES_ERROR;
				GCC_WARN_UNDECLARED_SELECTOR = YES;
				GCC_WARN_UNINITIALIZED_AUTOS = YES_AGGRESSIVE;
				GCC_WARN_UNUSED_FUNCTION = YES;
				GCC_WARN_UNUSED_VARIABLE = YES;
				IPHONEOS_DEPLOYMENT_TARGET = 14;
				MTL_ENABLE_DEBUG_INFO = NO;
				MTL_FAST_MATH = YES;
				SDKROOT = iphoneos;
				SWIFT_COMPILATION_MODE = wholemodule;
				SWIFT_OPTIMIZATION_LEVEL = "-O";
				VALIDATE_PRODUCT = YES;
			};
			name = Release;
		};
		635130E125CF601200117A98 /* Debug */ = {
			isa = XCBuildConfiguration;
			buildSettings = {
				ASSETCATALOG_COMPILER_APPICON_NAME = AppIcon;
				ASSETCATALOG_COMPILER_GLOBAL_ACCENT_COLOR_NAME = AccentColor;
				CODE_SIGN_STYLE = Automatic;
				DEVELOPMENT_ASSET_PATHS = "\"Nav_Example_Test/Preview Content\"";
				DEVELOPMENT_TEAM = 99568KA9SE;
				ENABLE_PREVIEWS = YES;
				INFOPLIST_FILE = Nav_Example_Test/Info.plist;
				IPHONEOS_DEPLOYMENT_TARGET = 14.0;
				LD_RUNPATH_SEARCH_PATHS = (
					"$(inherited)",
					"@executable_path/Frameworks",
				);
				PRODUCT_BUNDLE_IDENTIFIER = "com.LifeWorksIQ.Nav-Example-Test";
				PRODUCT_NAME = "$(TARGET_NAME)";
				SWIFT_VERSION = 5.0;
				TARGETED_DEVICE_FAMILY = "1,2";
			};
			name = Debug;
		};
		635130E225CF601200117A98 /* Release */ = {
			isa = XCBuildConfiguration;
			buildSettings = {
				ASSETCATALOG_COMPILER_APPICON_NAME = AppIcon;
				ASSETCATALOG_COMPILER_GLOBAL_ACCENT_COLOR_NAME = AccentColor;
				CODE_SIGN_STYLE = Automatic;
				DEVELOPMENT_ASSET_PATHS = "\"Nav_Example_Test/Preview Content\"";
				DEVELOPMENT_TEAM = 99568KA9SE;
				ENABLE_PREVIEWS = YES;
				INFOPLIST_FILE = Nav_Example_Test/Info.plist;
				IPHONEOS_DEPLOYMENT_TARGET = 14.0;
				LD_RUNPATH_SEARCH_PATHS = (
					"$(inherited)",
					"@executable_path/Frameworks",
				);
				PRODUCT_BUNDLE_IDENTIFIER = "com.LifeWorksIQ.Nav-Example-Test";
				PRODUCT_NAME = "$(TARGET_NAME)";
				SWIFT_VERSION = 5.0;
				TARGETED_DEVICE_FAMILY = "1,2";
			};
			name = Release;
		};
		635130E425CF601200117A98 /* Debug */ = {
			isa = XCBuildConfiguration;
			buildSettings = {
				ALWAYS_EMBED_SWIFT_STANDARD_LIBRARIES = YES;
				BUNDLE_LOADER = "$(TEST_HOST)";
				CODE_SIGN_STYLE = Automatic;
				DEVELOPMENT_TEAM = 99568KA9SE;
				INFOPLIST_FILE = Nav_Example_TestTests/Info.plist;
				IPHONEOS_DEPLOYMENT_TARGET = 14.0;
				LD_RUNPATH_SEARCH_PATHS = (
					"$(inherited)",
					"@executable_path/Frameworks",
					"@loader_path/Frameworks",
				);
				PRODUCT_BUNDLE_IDENTIFIER = "com.LifeWorksIQ.Nav-Example-TestTests";
				PRODUCT_NAME = "$(TARGET_NAME)";
				SWIFT_VERSION = 5.0;
				TARGETED_DEVICE_FAMILY = "1,2";
				TEST_HOST = "$(BUILT_PRODUCTS_DIR)/Nav_Example_Test.app/Nav_Example_Test";
			};
			name = Debug;
		};
		635130E525CF601200117A98 /* Release */ = {
			isa = XCBuildConfiguration;
			buildSettings = {
				ALWAYS_EMBED_SWIFT_STANDARD_LIBRARIES = YES;
				BUNDLE_LOADER = "$(TEST_HOST)";
				CODE_SIGN_STYLE = Automatic;
				DEVELOPMENT_TEAM = 99568KA9SE;
				INFOPLIST_FILE = Nav_Example_TestTests/Info.plist;
				IPHONEOS_DEPLOYMENT_TARGET = 14.0;
				LD_RUNPATH_SEARCH_PATHS = (
					"$(inherited)",
					"@executable_path/Frameworks",
					"@loader_path/Frameworks",
				);
				PRODUCT_BUNDLE_IDENTIFIER = "com.LifeWorksIQ.Nav-Example-TestTests";
				PRODUCT_NAME = "$(TARGET_NAME)";
				SWIFT_VERSION = 5.0;
				TARGETED_DEVICE_FAMILY = "1,2";
				TEST_HOST = "$(BUILT_PRODUCTS_DIR)/Nav_Example_Test.app/Nav_Example_Test";
			};
			name = Release;
		};
		635130E725CF601200117A98 /* Debug */ = {
			isa = XCBuildConfiguration;
			buildSettings = {
				ALWAYS_EMBED_SWIFT_STANDARD_LIBRARIES = YES;
				CODE_SIGN_STYLE = Automatic;
				DEVELOPMENT_TEAM = 99568KA9SE;
				INFOPLIST_FILE = Nav_Example_TestUITests/Info.plist;
				LD_RUNPATH_SEARCH_PATHS = (
					"$(inherited)",
					"@executable_path/Frameworks",
					"@loader_path/Frameworks",
				);
				PRODUCT_BUNDLE_IDENTIFIER = "com.LifeWorksIQ.Nav-Example-TestUITests";
				PRODUCT_NAME = "$(TARGET_NAME)";
				SWIFT_VERSION = 5.0;
				TARGETED_DEVICE_FAMILY = "1,2";
				TEST_TARGET_NAME = Nav_Example_Test;
			};
			name = Debug;
		};
		635130E825CF601200117A98 /* Release */ = {
			isa = XCBuildConfiguration;
			buildSettings = {
				ALWAYS_EMBED_SWIFT_STANDARD_LIBRARIES = YES;
				CODE_SIGN_STYLE = Automatic;
				DEVELOPMENT_TEAM = 99568KA9SE;
				INFOPLIST_FILE = Nav_Example_TestUITests/Info.plist;
				LD_RUNPATH_SEARCH_PATHS = (
					"$(inherited)",
					"@executable_path/Frameworks",
					"@loader_path/Frameworks",
				);
				PRODUCT_BUNDLE_IDENTIFIER = "com.LifeWorksIQ.Nav-Example-TestUITests";
				PRODUCT_NAME = "$(TARGET_NAME)";
				SWIFT_VERSION = 5.0;
				TARGETED_DEVICE_FAMILY = "1,2";
				TEST_TARGET_NAME = Nav_Example_Test;
			};
			name = Release;
		};
/* End XCBuildConfiguration section */

/* Begin XCConfigurationList section */
		635130B625CF600F00117A98 /* Build configuration list for PBXProject "Nav_Example_Test" */ = {
			isa = XCConfigurationList;
			buildConfigurations = (
				635130DE25CF601200117A98 /* Debug */,
				635130DF25CF601200117A98 /* Release */,
			);
			defaultConfigurationIsVisible = 0;
			defaultConfigurationName = Release;
		};
		635130E025CF601200117A98 /* Build configuration list for PBXNativeTarget "Nav_Example_Test" */ = {
			isa = XCConfigurationList;
			buildConfigurations = (
				635130E125CF601200117A98 /* Debug */,
				635130E225CF601200117A98 /* Release */,
			);
			defaultConfigurationIsVisible = 0;
			defaultConfigurationName = Release;
		};
		635130E325CF601200117A98 /* Build configuration list for PBXNativeTarget "Nav_Example_TestTests" */ = {
			isa = XCConfigurationList;
			buildConfigurations = (
				635130E425CF601200117A98 /* Debug */,
				635130E525CF601200117A98 /* Release */,
			);
			defaultConfigurationIsVisible = 0;
			defaultConfigurationName = Release;
		};
		635130E625CF601200117A98 /* Build configuration list for PBXNativeTarget "Nav_Example_TestUITests" */ = {
			isa = XCConfigurationList;
			buildConfigurations = (
				635130E725CF601200117A98 /* Debug */,
				635130E825CF601200117A98 /* Release */,
			);
			defaultConfigurationIsVisible = 0;
			defaultConfigurationName = Release;
		};
/* End XCConfigurationList section */
	};
	rootObject = 635130B325CF600F00117A98 /* Project object */;
}
